
Microsoft Visual Studio Solution File, Format Version 12.00
# Visual Studio Version 17
VisualStudioVersion = 17.1.32210.238
MinimumVisualStudioVersion = 10.0.40219.1
Project("{FAE04EC0-301F-11D3-BF4B-00C04F79EFBC}") = "TestAPI", "TestAPI\TestAPI.csproj", "{8F0EB671-70A1-48DA-9328-4250BD2C13C9}"
EndProject
Global
	GlobalSection(SolutionConfigurationPlatforms) = preSolution
		Debug|Any CPU = Debug|Any CPU
		Release|Any CPU = Release|Any CPU
	EndGlobalSection
	GlobalSection(ProjectConfigurationPlatforms) = postSolution
		{8F0EB671-70A1-48DA-9328-4250BD2C13C9}.Debug|Any CPU.ActiveCfg = Debug|Any CPU
		{8F0EB671-70A1-48DA-9328-4250BD2C13C9}.Debug|Any CPU.Build.0 = Debug|Any CPU
		{8F0EB671-70A1-48DA-9328-4250BD2C13C9}.Release|Any CPU.ActiveCfg = Release|Any CPU
		{8F0EB671-70A1-48DA-9328-4250BD2C13C9}.Release|Any CPU.Build.0 = Release|Any CPU
	EndGlobalSection
	GlobalSection(SolutionProperties) = preSolution
		HideSolutionNode = FALSE
	EndGlobalSection
	GlobalSection(ExtensibilityGlobals) = postSolution
		SolutionGuid = {3B53D106-CE9A-421A-9F6A-F72B6AF9CFF2}
	EndGlobalSection
EndGlobal
